
Microsoft Visual Studio Solution File, Format Version 12.00
# Visual Studio Version 16
VisualStudioVersion = 16.0.30804.86
MinimumVisualStudioVersion = 10.0.40219.1
Project("{FAE04EC0-301F-11D3-BF4B-00C04F79EFBC}") = "win_packet", "win_packet\win_packet.csproj", "{1D020664-DC15-49D4-8703-F574385274B7}"
EndProject
Global
	GlobalSection(SolutionConfigurationPlatforms) = preSolution
		Debug|Any CPU = Debug|Any CPU
		Release|Any CPU = Release|Any CPU
	EndGlobalSection
	GlobalSection(ProjectConfigurationPlatforms) = postSolution
		{1D020664-DC15-49D4-8703-F574385274B7}.Debug|Any CPU.ActiveCfg = Debug|Any CPU
		{1D020664-DC15-49D4-8703-F574385274B7}.Debug|Any CPU.Build.0 = Debug|Any CPU
		{1D020664-DC15-49D4-8703-F574385274B7}.Release|Any CPU.ActiveCfg = Release|Any CPU
		{1D020664-DC15-49D4-8703-F574385274B7}.Release|Any CPU.Build.0 = Release|Any CPU
	EndGlobalSection
	GlobalSection(SolutionProperties) = preSolution
		HideSolutionNode = FALSE
	EndGlobalSection
	GlobalSection(ExtensibilityGlobals) = postSolution
		SolutionGuid = {2B9CB8B8-0C4A-4BBC-A571-EC4D668D0124}
	EndGlobalSection
EndGlobal
